// !$*UTF8*$!
{
	archiveVersion = 1;
	classes = {
	};
	objectVersion = 55;
	objects = {

/* Begin PBXBuildFile section */
		EB5841D4290D7A0400A77D48 /* OrderConfirmationViewController.swift in Sources */ = {isa = PBXBuildFile; fileRef = EB5841D3290D7A0400A77D48 /* OrderConfirmationViewController.swift */; };
		EB5841D6290DA14300A77D48 /* MenuItemCell.swift in Sources */ = {isa = PBXBuildFile; fileRef = EB5841D5290DA14300A77D48 /* MenuItemCell.swift */; };
		EBCF81062909A7F3008A4A42 /* AppDelegate.swift in Sources */ = {isa = PBXBuildFile; fileRef = EBCF81052909A7F3008A4A42 /* AppDelegate.swift */; };
		EBCF81082909A7F3008A4A42 /* SceneDelegate.swift in Sources */ = {isa = PBXBuildFile; fileRef = EBCF81072909A7F3008A4A42 /* SceneDelegate.swift */; };
		EBCF810D2909A7F3008A4A42 /* Main.storyboard in Resources */ = {isa = PBXBuildFile; fileRef = EBCF810B2909A7F3008A4A42 /* Main.storyboard */; };
		EBCF810F2909A7F4008A4A42 /* Assets.xcassets in Resources */ = {isa = PBXBuildFile; fileRef = EBCF810E2909A7F4008A4A42 /* Assets.xcassets */; };
		EBCF81122909A7F4008A4A42 /* LaunchScreen.storyboard in Resources */ = {isa = PBXBuildFile; fileRef = EBCF81102909A7F4008A4A42 /* LaunchScreen.storyboard */; };
		EBCF811F2909AB56008A4A42 /* CategoryTableViewController.swift in Sources */ = {isa = PBXBuildFile; fileRef = EBCF811E2909AB56008A4A42 /* CategoryTableViewController.swift */; };
		EBCF81212909AB64008A4A42 /* MenuTableViewController.swift in Sources */ = {isa = PBXBuildFile; fileRef = EBCF81202909AB64008A4A42 /* MenuTableViewController.swift */; };
		EBCF81232909AB6F008A4A42 /* OrderTableViewController.swift in Sources */ = {isa = PBXBuildFile; fileRef = EBCF81222909AB6F008A4A42 /* OrderTableViewController.swift */; };
		EBCF81252909AC60008A4A42 /* MenuItemDetailViewController.swift in Sources */ = {isa = PBXBuildFile; fileRef = EBCF81242909AC60008A4A42 /* MenuItemDetailViewController.swift */; };
		EBCF81272909ACBB008A4A42 /* MenuItem.swift in Sources */ = {isa = PBXBuildFile; fileRef = EBCF81262909ACBB008A4A42 /* MenuItem.swift */; };
		EBCF812B2909AEB7008A4A42 /* ResponseModels.swift in Sources */ = {isa = PBXBuildFile; fileRef = EBCF812A2909AEB7008A4A42 /* ResponseModels.swift */; };
		EBCF812D2909AF88008A4A42 /* Order.swift in Sources */ = {isa = PBXBuildFile; fileRef = EBCF812C2909AF88008A4A42 /* Order.swift */; };
		EBCF81302909B095008A4A42 /* MenuController.swift in Sources */ = {isa = PBXBuildFile; fileRef = EBCF812F2909B095008A4A42 /* MenuController.swift */; };
/* End PBXBuildFile section */

/* Begin PBXFileReference section */
		EB5841D3290D7A0400A77D48 /* OrderConfirmationViewController.swift */ = {isa = PBXFileReference; lastKnownFileType = sourcecode.swift; path = OrderConfirmationViewController.swift; sourceTree = "<group>"; };
		EB5841D5290DA14300A77D48 /* MenuItemCell.swift */ = {isa = PBXFileReference; lastKnownFileType = sourcecode.swift; path = MenuItemCell.swift; sourceTree = "<group>"; };
		EBCF81022909A7F3008A4A42 /* Order App.app */ = {isa = PBXFileReference; explicitFileType = wrapper.application; includeInIndex = 0; path = "Order App.app"; sourceTree = BUILT_PRODUCTS_DIR; };
		EBCF81052909A7F3008A4A42 /* AppDelegate.swift */ = {isa = PBXFileReference; lastKnownFileType = sourcecode.swift; path = AppDelegate.swift; sourceTree = "<group>"; };
		EBCF81072909A7F3008A4A42 /* SceneDelegate.swift */ = {isa = PBXFileReference; lastKnownFileType = sourcecode.swift; path = SceneDelegate.swift; sourceTree = "<group>"; };
		EBCF810C2909A7F3008A4A42 /* Base */ = {isa = PBXFileReference; lastKnownFileType = file.storyboard; name = Base; path = Base.lproj/Main.storyboard; sourceTree = "<group>"; };
		EBCF810E2909A7F4008A4A42 /* Assets.xcassets */ = {isa = PBXFileReference; lastKnownFileType = folder.assetcatalog; path = Assets.xcassets; sourceTree = "<group>"; };
		EBCF81112909A7F4008A4A42 /* Base */ = {isa = PBXFileReference; lastKnownFileType = file.storyboard; name = Base; path = Base.lproj/LaunchScreen.storyboard; sourceTree = "<group>"; };
		EBCF81132909A7F4008A4A42 /* Info.plist */ = {isa = PBXFileReference; lastKnownFileType = text.plist.xml; path = Info.plist; sourceTree = "<group>"; };
		EBCF811E2909AB56008A4A42 /* CategoryTableViewController.swift */ = {isa = PBXFileReference; lastKnownFileType = sourcecode.swift; path = CategoryTableViewController.swift; sourceTree = "<group>"; };
		EBCF81202909AB64008A4A42 /* MenuTableViewController.swift */ = {isa = PBXFileReference; lastKnownFileType = sourcecode.swift; path = MenuTableViewController.swift; sourceTree = "<group>"; };
		EBCF81222909AB6F008A4A42 /* OrderTableViewController.swift */ = {isa = PBXFileReference; lastKnownFileType = sourcecode.swift; path = OrderTableViewController.swift; sourceTree = "<group>"; };
		EBCF81242909AC60008A4A42 /* MenuItemDetailViewController.swift */ = {isa = PBXFileReference; lastKnownFileType = sourcecode.swift; path = MenuItemDetailViewController.swift; sourceTree = "<group>"; };
		EBCF81262909ACBB008A4A42 /* MenuItem.swift */ = {isa = PBXFileReference; lastKnownFileType = sourcecode.swift; path = MenuItem.swift; sourceTree = "<group>"; };
		EBCF812A2909AEB7008A4A42 /* ResponseModels.swift */ = {isa = PBXFileReference; lastKnownFileType = sourcecode.swift; path = ResponseModels.swift; sourceTree = "<group>"; };
		EBCF812C2909AF88008A4A42 /* Order.swift */ = {isa = PBXFileReference; lastKnownFileType = sourcecode.swift; path = Order.swift; sourceTree = "<group>"; };
		EBCF812F2909B095008A4A42 /* MenuController.swift */ = {isa = PBXFileReference; lastKnownFileType = sourcecode.swift; path = MenuController.swift; sourceTree = "<group>"; };
/* End PBXFileReference section */

/* Begin PBXFrameworksBuildPhase section */
		EBCF80FF2909A7F3008A4A42 /* Frameworks */ = {
			isa = PBXFrameworksBuildPhase;
			buildActionMask = 2147483647;
			files = (
			);
			runOnlyForDeploymentPostprocessing = 0;
		};
/* End PBXFrameworksBuildPhase section */

/* Begin PBXGroup section */
		EBCF80F92909A7F3008A4A42 = {
			isa = PBXGroup;
			children = (
				EBCF81042909A7F3008A4A42 /* Order App */,
				EBCF81032909A7F3008A4A42 /* Products */,
			);
			sourceTree = "<group>";
		};
		EBCF81032909A7F3008A4A42 /* Products */ = {
			isa = PBXGroup;
			children = (
				EBCF81022909A7F3008A4A42 /* Order App.app */,
			);
			name = Products;
			sourceTree = "<group>";
		};
		EBCF81042909A7F3008A4A42 /* Order App */ = {
			isa = PBXGroup;
			children = (
				EBCF811C2909AB20008A4A42 /* Architecture */,
				EBCF811B2909AB0B008A4A42 /* Recources */,
				EBCF81132909A7F4008A4A42 /* Info.plist */,
			);
			path = "Order App";
			sourceTree = "<group>";
		};
		EBCF81192909AACB008A4A42 /* Controllers */ = {
			isa = PBXGroup;
			children = (
				EBCF811E2909AB56008A4A42 /* CategoryTableViewController.swift */,
				EBCF81202909AB64008A4A42 /* MenuTableViewController.swift */,
				EBCF81222909AB6F008A4A42 /* OrderTableViewController.swift */,
				EBCF81242909AC60008A4A42 /* MenuItemDetailViewController.swift */,
				EB5841D3290D7A0400A77D48 /* OrderConfirmationViewController.swift */,
			);
			path = Controllers;
			sourceTree = "<group>";
		};
		EBCF811A2909AAD8008A4A42 /* Storyboards */ = {
			isa = PBXGroup;
			children = (
				EBCF810B2909A7F3008A4A42 /* Main.storyboard */,
				EBCF81102909A7F4008A4A42 /* LaunchScreen.storyboard */,
			);
			path = Storyboards;
			sourceTree = "<group>";
		};
		EBCF811B2909AB0B008A4A42 /* Recources */ = {
			isa = PBXGroup;
			children = (
				EBCF81052909A7F3008A4A42 /* AppDelegate.swift */,
				EBCF810E2909A7F4008A4A42 /* Assets.xcassets */,
				EBCF81072909A7F3008A4A42 /* SceneDelegate.swift */,
			);
			path = Recources;
			sourceTree = "<group>";
		};
		EBCF811C2909AB20008A4A42 /* Architecture */ = {
			isa = PBXGroup;
			children = (
				EBCF812E2909B07B008A4A42 /* Views */,
				EBCF811D2909AB37008A4A42 /* Models */,
				EBCF811A2909AAD8008A4A42 /* Storyboards */,
				EBCF81192909AACB008A4A42 /* Controllers */,
			);
			path = Architecture;
			sourceTree = "<group>";
		};
		EBCF811D2909AB37008A4A42 /* Models */ = {
			isa = PBXGroup;
			children = (
				EBCF81262909ACBB008A4A42 /* MenuItem.swift */,
				EBCF812A2909AEB7008A4A42 /* ResponseModels.swift */,
				EBCF812C2909AF88008A4A42 /* Order.swift */,
			);
			path = Models;
			sourceTree = "<group>";
		};
		EBCF812E2909B07B008A4A42 /* Views */ = {
			isa = PBXGroup;
			children = (
				EBCF812F2909B095008A4A42 /* MenuController.swift */,
				EB5841D5290DA14300A77D48 /* MenuItemCell.swift */,
			);
			path = Views;
			sourceTree = "<group>";
		};
/* End PBXGroup section */

/* Begin PBXNativeTarget section */
		EBCF81012909A7F3008A4A42 /* Order App */ = {
			isa = PBXNativeTarget;
			buildConfigurationList = EBCF81162909A7F4008A4A42 /* Build configuration list for PBXNativeTarget "Order App" */;
			buildPhases = (
				EBCF80FE2909A7F3008A4A42 /* Sources */,
				EBCF80FF2909A7F3008A4A42 /* Frameworks */,
				EBCF81002909A7F3008A4A42 /* Resources */,
				EBCF81282909AE57008A4A42 /* ShellScript */,
			);
			buildRules = (
			);
			dependencies = (
			);
			name = "Order App";
			productName = "Order App";
			productReference = EBCF81022909A7F3008A4A42 /* Order App.app */;
			productType = "com.apple.product-type.application";
		};
/* End PBXNativeTarget section */

/* Begin PBXProject section */
		EBCF80FA2909A7F3008A4A42 /* Project object */ = {
			isa = PBXProject;
			attributes = {
				BuildIndependentTargetsInParallel = 1;
				LastSwiftUpdateCheck = 1320;
				LastUpgradeCheck = 1320;
				TargetAttributes = {
					EBCF81012909A7F3008A4A42 = {
						CreatedOnToolsVersion = 13.2.1;
					};
				};
			};
			buildConfigurationList = EBCF80FD2909A7F3008A4A42 /* Build configuration list for PBXProject "Order App" */;
			compatibilityVersion = "Xcode 13.0";
			developmentRegion = en;
			hasScannedForEncodings = 0;
			knownRegions = (
				en,
				Base,
			);
			mainGroup = EBCF80F92909A7F3008A4A42;
			productRefGroup = EBCF81032909A7F3008A4A42 /* Products */;
			projectDirPath = "";
			projectRoot = "";
			targets = (
				EBCF81012909A7F3008A4A42 /* Order App */,
			);
		};
/* End PBXProject section */

/* Begin PBXResourcesBuildPhase section */
		EBCF81002909A7F3008A4A42 /* Resources */ = {
			isa = PBXResourcesBuildPhase;
			buildActionMask = 2147483647;
			files = (
				EBCF81122909A7F4008A4A42 /* LaunchScreen.storyboard in Resources */,
				EBCF810F2909A7F4008A4A42 /* Assets.xcassets in Resources */,
				EBCF810D2909A7F3008A4A42 /* Main.storyboard in Resources */,
			);
			runOnlyForDeploymentPostprocessing = 0;
		};
/* End PBXResourcesBuildPhase section */

/* Begin PBXShellScriptBuildPhase section */
		EBCF81282909AE57008A4A42 /* ShellScript */ = {
			isa = PBXShellScriptBuildPhase;
			buildActionMask = 2147483647;
			files = (
			);
			inputFileListPaths = (
			);
			inputPaths = (
			);
			outputFileListPaths = (
			);
			outputPaths = (
			);
			runOnlyForDeploymentPostprocessing = 0;
			shellPath = /bin/sh;
			shellScript = "export PATH=\"$PATH:/opt/homebrew/bin\"\nif which swiftlint > /dev/null; then\n  swiftlint\nelse\n  echo \"warning: SwiftLint not installed, download from https://github.com/realm/SwiftLint\"\nfi\n";
		};
/* End PBXShellScriptBuildPhase section */

/* Begin PBXSourcesBuildPhase section */
		EBCF80FE2909A7F3008A4A42 /* Sources */ = {
			isa = PBXSourcesBuildPhase;
			buildActionMask = 2147483647;
			files = (
				EBCF81302909B095008A4A42 /* MenuController.swift in Sources */,
				EBCF81272909ACBB008A4A42 /* MenuItem.swift in Sources */,
				EBCF81212909AB64008A4A42 /* MenuTableViewController.swift in Sources */,
				EBCF812B2909AEB7008A4A42 /* ResponseModels.swift in Sources */,
				EBCF812D2909AF88008A4A42 /* Order.swift in Sources */,
				EBCF81252909AC60008A4A42 /* MenuItemDetailViewController.swift in Sources */,
				EBCF81232909AB6F008A4A42 /* OrderTableViewController.swift in Sources */,
				EBCF81062909A7F3008A4A42 /* AppDelegate.swift in Sources */,
				EBCF81082909A7F3008A4A42 /* SceneDelegate.swift in Sources */,
				EB5841D6290DA14300A77D48 /* MenuItemCell.swift in Sources */,
				EB5841D4290D7A0400A77D48 /* OrderConfirmationViewController.swift in Sources */,
				EBCF811F2909AB56008A4A42 /* CategoryTableViewController.swift in Sources */,
			);
			runOnlyForDeploymentPostprocessing = 0;
		};
/* End PBXSourcesBuildPhase section */

/* Begin PBXVariantGroup section */
		EBCF810B2909A7F3008A4A42 /* Main.storyboard */ = {
			isa = PBXVariantGroup;
			children = (
				EBCF810C2909A7F3008A4A42 /* Base */,
			);
			name = Main.storyboard;
			sourceTree = "<group>";
		};
		EBCF81102909A7F4008A4A42 /* LaunchScreen.storyboard */ = {
			isa = PBXVariantGroup;
			children = (
				EBCF81112909A7F4008A4A42 /* Base */,
			);
			name = LaunchScreen.storyboard;
			sourceTree = "<group>";
		};
/* End PBXVariantGroup section */

/* Begin XCBuildConfiguration section */
		EBCF81142909A7F4008A4A42 /* Debug */ = {
			isa = XCBuildConfiguration;
			buildSettings = {
				ALWAYS_SEARCH_USER_PATHS = NO;
				CLANG_ANALYZER_NONNULL = YES;
				CLANG_ANALYZER_NUMBER_OBJECT_CONVERSION = YES_AGGRESSIVE;
				CLANG_CXX_LANGUAGE_STANDARD = "gnu++17";
				CLANG_CXX_LIBRARY = "libc++";
				CLANG_ENABLE_MODULES = YES;
				CLANG_ENABLE_OBJC_ARC = YES;
				CLANG_ENABLE_OBJC_WEAK = YES;
				CLANG_WARN_BLOCK_CAPTURE_AUTORELEASING = YES;
				CLANG_WARN_BOOL_CONVERSION = YES;
				CLANG_WARN_COMMA = YES;
				CLANG_WARN_CONSTANT_CONVERSION = YES;
				CLANG_WARN_DEPRECATED_OBJC_IMPLEMENTATIONS = YES;
				CLANG_WARN_DIRECT_OBJC_ISA_USAGE = YES_ERROR;
				CLANG_WARN_DOCUMENTATION_COMMENTS = YES;
				CLANG_WARN_EMPTY_BODY = YES;
				CLANG_WARN_ENUM_CONVERSION = YES;
				CLANG_WARN_INFINITE_RECURSION = YES;
				CLANG_WARN_INT_CONVERSION = YES;
				CLANG_WARN_NON_LITERAL_NULL_CONVERSION = YES;
				CLANG_WARN_OBJC_IMPLICIT_RETAIN_SELF = YES;
				CLANG_WARN_OBJC_LITERAL_CONVERSION = YES;
				CLANG_WARN_OBJC_ROOT_CLASS = YES_ERROR;
				CLANG_WARN_QUOTED_INCLUDE_IN_FRAMEWORK_HEADER = YES;
				CLANG_WARN_RANGE_LOOP_ANALYSIS = YES;
				CLANG_WARN_STRICT_PROTOTYPES = YES;
				CLANG_WARN_SUSPICIOUS_MOVE = YES;
				CLANG_WARN_UNGUARDED_AVAILABILITY = YES_AGGRESSIVE;
				CLANG_WARN_UNREACHABLE_CODE = YES;
				CLANG_WARN__DUPLICATE_METHOD_MATCH = YES;
				COPY_PHASE_STRIP = NO;
				DEBUG_INFORMATION_FORMAT = dwarf;
				ENABLE_STRICT_OBJC_MSGSEND = YES;
				ENABLE_TESTABILITY = YES;
				GCC_C_LANGUAGE_STANDARD = gnu11;
				GCC_DYNAMIC_NO_PIC = NO;
				GCC_NO_COMMON_BLOCKS = YES;
				GCC_OPTIMIZATION_LEVEL = 0;
				GCC_PREPROCESSOR_DEFINITIONS = (
					"DEBUG=1",
					"$(inherited)",
				);
				GCC_WARN_64_TO_32_BIT_CONVERSION = YES;
				GCC_WARN_ABOUT_RETURN_TYPE = YES_ERROR;
				GCC_WARN_UNDECLARED_SELECTOR = YES;
				GCC_WARN_UNINITIALIZED_AUTOS = YES_AGGRESSIVE;
				GCC_WARN_UNUSED_FUNCTION = YES;
				GCC_WARN_UNUSED_VARIABLE = YES;
				IPHONEOS_DEPLOYMENT_TARGET = 15.2;
				MTL_ENABLE_DEBUG_INFO = INCLUDE_SOURCE;
				MTL_FAST_MATH = YES;
				ONLY_ACTIVE_ARCH = YES;
				SDKROOT = iphoneos;
				SWIFT_ACTIVE_COMPILATION_CONDITIONS = DEBUG;
				SWIFT_OPTIMIZATION_LEVEL = "-Onone";
			};
			name = Debug;
		};
		EBCF81152909A7F4008A4A42 /* Release */ = {
			isa = XCBuildConfiguration;
			buildSettings = {
				ALWAYS_SEARCH_USER_PATHS = NO;
				CLANG_ANALYZER_NONNULL = YES;
				CLANG_ANALYZER_NUMBER_OBJECT_CONVERSION = YES_AGGRESSIVE;
				CLANG_CXX_LANGUAGE_STANDARD = "gnu++17";
				CLANG_CXX_LIBRARY = "libc++";
				CLANG_ENABLE_MODULES = YES;
				CLANG_ENABLE_OBJC_ARC = YES;
				CLANG_ENABLE_OBJC_WEAK = YES;
				CLANG_WARN_BLOCK_CAPTURE_AUTORELEASING = YES;
				CLANG_WARN_BOOL_CONVERSION = YES;
				CLANG_WARN_COMMA = YES;
				CLANG_WARN_CONSTANT_CONVERSION = YES;
				CLANG_WARN_DEPRECATED_OBJC_IMPLEMENTATIONS = YES;
				CLANG_WARN_DIRECT_OBJC_ISA_USAGE = YES_ERROR;
				CLANG_WARN_DOCUMENTATION_COMMENTS = YES;
				CLANG_WARN_EMPTY_BODY = YES;
				CLANG_WARN_ENUM_CONVERSION = YES;
				CLANG_WARN_INFINITE_RECURSION = YES;
				CLANG_WARN_INT_CONVERSION = YES;
				CLANG_WARN_NON_LITERAL_NULL_CONVERSION = YES;
				CLANG_WARN_OBJC_IMPLICIT_RETAIN_SELF = YES;
				CLANG_WARN_OBJC_LITERAL_CONVERSION = YES;
				CLANG_WARN_OBJC_ROOT_CLASS = YES_ERROR;
				CLANG_WARN_QUOTED_INCLUDE_IN_FRAMEWORK_HEADER = YES;
				CLANG_WARN_RANGE_LOOP_ANALYSIS = YES;
				CLANG_WARN_STRICT_PROTOTYPES = YES;
				CLANG_WARN_SUSPICIOUS_MOVE = YES;
				CLANG_WARN_UNGUARDED_AVAILABILITY = YES_AGGRESSIVE;
				CLANG_WARN_UNREACHABLE_CODE = YES;
				CLANG_WARN__DUPLICATE_METHOD_MATCH = YES;
				COPY_PHASE_STRIP = NO;
				DEBUG_INFORMATION_FORMAT = "dwarf-with-dsym";
				ENABLE_NS_ASSERTIONS = NO;
				ENABLE_STRICT_OBJC_MSGSEND = YES;
				GCC_C_LANGUAGE_STANDARD = gnu11;
				GCC_NO_COMMON_BLOCKS = YES;
				GCC_WARN_64_TO_32_BIT_CONVERSION = YES;
				GCC_WARN_ABOUT_RETURN_TYPE = YES_ERROR;
				GCC_WARN_UNDECLARED_SELECTOR = YES;
				GCC_WARN_UNINITIALIZED_AUTOS = YES_AGGRESSIVE;
				GCC_WARN_UNUSED_FUNCTION = YES;
				GCC_WARN_UNUSED_VARIABLE = YES;
				IPHONEOS_DEPLOYMENT_TARGET = 15.2;
				MTL_ENABLE_DEBUG_INFO = NO;
				MTL_FAST_MATH = YES;
				SDKROOT = iphoneos;
				SWIFT_COMPILATION_MODE = wholemodule;
				SWIFT_OPTIMIZATION_LEVEL = "-O";
				VALIDATE_PRODUCT = YES;
			};
			name = Release;
		};
		EBCF81172909A7F4008A4A42 /* Debug */ = {
			isa = XCBuildConfiguration;
			buildSettings = {
				ASSETCATALOG_COMPILER_APPICON_NAME = AppIcon;
				ASSETCATALOG_COMPILER_GLOBAL_ACCENT_COLOR_NAME = AccentColor;
				CODE_SIGN_STYLE = Automatic;
				CURRENT_PROJECT_VERSION = 1;
				DEVELOPMENT_TEAM = 266J2Y2HA7;
				GENERATE_INFOPLIST_FILE = YES;
				INFOPLIST_FILE = "Order App/Info.plist";
				INFOPLIST_KEY_UIApplicationSupportsIndirectInputEvents = YES;
				INFOPLIST_KEY_UILaunchStoryboardName = LaunchScreen;
				INFOPLIST_KEY_UIMainStoryboardFile = Main;
				INFOPLIST_KEY_UISupportedInterfaceOrientations_iPad = "UIInterfaceOrientationPortrait UIInterfaceOrientationPortraitUpsideDown UIInterfaceOrientationLandscapeLeft UIInterfaceOrientationLandscapeRight";
				INFOPLIST_KEY_UISupportedInterfaceOrientations_iPhone = "UIInterfaceOrientationPortrait UIInterfaceOrientationLandscapeLeft UIInterfaceOrientationLandscapeRight";
				LD_RUNPATH_SEARCH_PATHS = (
					"$(inherited)",
					"@executable_path/Frameworks",
				);
				MARKETING_VERSION = 1.0;
				PRODUCT_BUNDLE_IDENTIFIER = "Tatevik.Order-App";
				PRODUCT_NAME = "$(TARGET_NAME)";
				SWIFT_EMIT_LOC_STRINGS = YES;
				SWIFT_VERSION = 5.0;
				TARGETED_DEVICE_FAMILY = "1,2";
			};
			name = Debug;
		};
		EBCF81182909A7F4008A4A42 /* Release */ = {
			isa = XCBuildConfiguration;
			buildSettings = {
				ASSETCATALOG_COMPILER_APPICON_NAME = AppIcon;
				ASSETCATALOG_COMPILER_GLOBAL_ACCENT_COLOR_NAME = AccentColor;
				CODE_SIGN_STYLE = Automatic;
				CURRENT_PROJECT_VERSION = 1;
				DEVELOPMENT_TEAM = 266J2Y2HA7;
				GENERATE_INFOPLIST_FILE = YES;
				INFOPLIST_FILE = "Order App/Info.plist";
				INFOPLIST_KEY_UIApplicationSupportsIndirectInputEvents = YES;
				INFOPLIST_KEY_UILaunchStoryboardName = LaunchScreen;
				INFOPLIST_KEY_UIMainStoryboardFile = Main;
				INFOPLIST_KEY_UISupportedInterfaceOrientations_iPad = "UIInterfaceOrientationPortrait UIInterfaceOrientationPortraitUpsideDown UIInterfaceOrientationLandscapeLeft UIInterfaceOrientationLandscapeRight";
				INFOPLIST_KEY_UISupportedInterfaceOrientations_iPhone = "UIInterfaceOrientationPortrait UIInterfaceOrientationLandscapeLeft UIInterfaceOrientationLandscapeRight";
				LD_RUNPATH_SEARCH_PATHS = (
					"$(inherited)",
					"@executable_path/Frameworks",
				);
				MARKETING_VERSION = 1.0;
				PRODUCT_BUNDLE_IDENTIFIER = "Tatevik.Order-App";
				PRODUCT_NAME = "$(TARGET_NAME)";
				SWIFT_EMIT_LOC_STRINGS = YES;
				SWIFT_VERSION = 5.0;
				TARGETED_DEVICE_FAMILY = "1,2";
			};
			name = Release;
		};
/* End XCBuildConfiguration section */

/* Begin XCConfigurationList section */
		EBCF80FD2909A7F3008A4A42 /* Build configuration list for PBXProject "Order App" */ = {
			isa = XCConfigurationList;
			buildConfigurations = (
				EBCF81142909A7F4008A4A42 /* Debug */,
				EBCF81152909A7F4008A4A42 /* Release */,
			);
			defaultConfigurationIsVisible = 0;
			defaultConfigurationName = Release;
		};
		EBCF81162909A7F4008A4A42 /* Build configuration list for PBXNativeTarget "Order App" */ = {
			isa = XCConfigurationList;
			buildConfigurations = (
				EBCF81172909A7F4008A4A42 /* Debug */,
				EBCF81182909A7F4008A4A42 /* Release */,
			);
			defaultConfigurationIsVisible = 0;
			defaultConfigurationName = Release;
		};
/* End XCConfigurationList section */
	};
	rootObject = EBCF80FA2909A7F3008A4A42 /* Project object */;
}
